// !$*UTF8*$!
{
	archiveVersion = 1;
	classes = {
	};
	objectVersion = 56;
	objects = {

/* Begin PBXBuildFile section */
		CA3ED0A12BDAA416007170B7 /* MacroTrackerApp.swift in Sources */ = {isa = PBXBuildFile; fileRef = CA3ED0A02BDAA416007170B7 /* MacroTrackerApp.swift */; };
		CA3ED0A72BDAA418007170B7 /* Assets.xcassets in Resources */ = {isa = PBXBuildFile; fileRef = CA3ED0A62BDAA418007170B7 /* Assets.xcassets */; };
		CA3ED0AA2BDAA418007170B7 /* Preview Assets.xcassets in Resources */ = {isa = PBXBuildFile; fileRef = CA3ED0A92BDAA418007170B7 /* Preview Assets.xcassets */; };
		CA3ED0CD2BDAA439007170B7 /* MacroView.swift in Sources */ = {isa = PBXBuildFile; fileRef = CA3ED0CC2BDAA439007170B7 /* MacroView.swift */; };
		CA3ED0CF2BDAA7C2007170B7 /* MacroHeaderView.swift in Sources */ = {isa = PBXBuildFile; fileRef = CA3ED0CE2BDAA7C2007170B7 /* MacroHeaderView.swift */; };
		CA3ED0D12BDAB09A007170B7 /* OpenAIService.swift in Sources */ = {isa = PBXBuildFile; fileRef = CA3ED0D02BDAB09A007170B7 /* OpenAIService.swift */; };
		CA3ED0D32BDAB2DF007170B7 /* Secret.swift in Sources */ = {isa = PBXBuildFile; fileRef = CA3ED0D22BDAB2DF007170B7 /* Secret.swift */; };
		CA3ED0D52BDBCCC5007170B7 /* RequestModels.swift in Sources */ = {isa = PBXBuildFile; fileRef = CA3ED0D42BDBCCC5007170B7 /* RequestModels.swift */; };
		CA3ED0D72BDBD2D1007170B7 /* ResponseModels.swift in Sources */ = {isa = PBXBuildFile; fileRef = CA3ED0D62BDBD2D1007170B7 /* ResponseModels.swift */; };
		CA3ED0D92BDBD814007170B7 /* Macro.swift in Sources */ = {isa = PBXBuildFile; fileRef = CA3ED0D82BDBD814007170B7 /* Macro.swift */; };
		CA3ED0DB2BDBDB01007170B7 /* AddMacroView.swift in Sources */ = {isa = PBXBuildFile; fileRef = CA3ED0DA2BDBDB01007170B7 /* AddMacroView.swift */; };
		CA3ED0DE2BDDDC65007170B7 /* MacroDayView.swift in Sources */ = {isa = PBXBuildFile; fileRef = CA3ED0DD2BDDDC65007170B7 /* MacroDayView.swift */; };
/* End PBXBuildFile section */

/* Begin PBXContainerItemProxy section */
		CA3ED0B02BDAA418007170B7 /* PBXContainerItemProxy */ = {
			isa = PBXContainerItemProxy;
			containerPortal = CA3ED0952BDAA416007170B7 /* Project object */;
			proxyType = 1;
			remoteGlobalIDString = CA3ED09C2BDAA416007170B7;
			remoteInfo = MacroTracker;
		};
		CA3ED0BA2BDAA418007170B7 /* PBXContainerItemProxy */ = {
			isa = PBXContainerItemProxy;
			containerPortal = CA3ED0952BDAA416007170B7 /* Project object */;
			proxyType = 1;
			remoteGlobalIDString = CA3ED09C2BDAA416007170B7;
			remoteInfo = MacroTracker;
		};
/* End PBXContainerItemProxy section */

/* Begin PBXFileReference section */
		CA3ED09D2BDAA416007170B7 /* MacroTracker.app */ = {isa = PBXFileReference; explicitFileType = wrapper.application; includeInIndex = 0; path = MacroTracker.app; sourceTree = BUILT_PRODUCTS_DIR; };
		CA3ED0A02BDAA416007170B7 /* MacroTrackerApp.swift */ = {isa = PBXFileReference; lastKnownFileType = sourcecode.swift; path = MacroTrackerApp.swift; sourceTree = "<group>"; };
		CA3ED0A62BDAA418007170B7 /* Assets.xcassets */ = {isa = PBXFileReference; lastKnownFileType = folder.assetcatalog; path = Assets.xcassets; sourceTree = "<group>"; };
		CA3ED0A92BDAA418007170B7 /* Preview Assets.xcassets */ = {isa = PBXFileReference; lastKnownFileType = folder.assetcatalog; path = "Preview Assets.xcassets"; sourceTree = "<group>"; };
		CA3ED0AF2BDAA418007170B7 /* MacroTrackerTests.xctest */ = {isa = PBXFileReference; explicitFileType = wrapper.cfbundle; includeInIndex = 0; path = MacroTrackerTests.xctest; sourceTree = BUILT_PRODUCTS_DIR; };
		CA3ED0B92BDAA418007170B7 /* MacroTrackerUITests.xctest */ = {isa = PBXFileReference; explicitFileType = wrapper.cfbundle; includeInIndex = 0; path = MacroTrackerUITests.xctest; sourceTree = BUILT_PRODUCTS_DIR; };
		CA3ED0CC2BDAA439007170B7 /* MacroView.swift */ = {isa = PBXFileReference; lastKnownFileType = sourcecode.swift; path = MacroView.swift; sourceTree = "<group>"; };
		CA3ED0CE2BDAA7C2007170B7 /* MacroHeaderView.swift */ = {isa = PBXFileReference; lastKnownFileType = sourcecode.swift; path = MacroHeaderView.swift; sourceTree = "<group>"; };
		CA3ED0D02BDAB09A007170B7 /* OpenAIService.swift */ = {isa = PBXFileReference; lastKnownFileType = sourcecode.swift; path = OpenAIService.swift; sourceTree = "<group>"; };
		CA3ED0D22BDAB2DF007170B7 /* Secret.swift */ = {isa = PBXFileReference; lastKnownFileType = sourcecode.swift; path = Secret.swift; sourceTree = "<group>"; };
		CA3ED0D42BDBCCC5007170B7 /* RequestModels.swift */ = {isa = PBXFileReference; lastKnownFileType = sourcecode.swift; path = RequestModels.swift; sourceTree = "<group>"; };
		CA3ED0D62BDBD2D1007170B7 /* ResponseModels.swift */ = {isa = PBXFileReference; lastKnownFileType = sourcecode.swift; path = ResponseModels.swift; sourceTree = "<group>"; };
		CA3ED0D82BDBD814007170B7 /* Macro.swift */ = {isa = PBXFileReference; lastKnownFileType = sourcecode.swift; path = Macro.swift; sourceTree = "<group>"; };
		CA3ED0DA2BDBDB01007170B7 /* AddMacroView.swift */ = {isa = PBXFileReference; lastKnownFileType = sourcecode.swift; path = AddMacroView.swift; sourceTree = "<group>"; };
		CA3ED0DD2BDDDC65007170B7 /* MacroDayView.swift */ = {isa = PBXFileReference; lastKnownFileType = sourcecode.swift; path = MacroDayView.swift; sourceTree = "<group>"; };
/* End PBXFileReference section */

/* Begin PBXFrameworksBuildPhase section */
		CA3ED09A2BDAA416007170B7 /* Frameworks */ = {
			isa = PBXFrameworksBuildPhase;
			buildActionMask = 2147483647;
			files = (
			);
			runOnlyForDeploymentPostprocessing = 0;
		};
		CA3ED0AC2BDAA418007170B7 /* Frameworks */ = {
			isa = PBXFrameworksBuildPhase;
			buildActionMask = 2147483647;
			files = (
			);
			runOnlyForDeploymentPostprocessing = 0;
		};
		CA3ED0B62BDAA418007170B7 /* Frameworks */ = {
			isa = PBXFrameworksBuildPhase;
			buildActionMask = 2147483647;
			files = (
			);
			runOnlyForDeploymentPostprocessing = 0;
		};
/* End PBXFrameworksBuildPhase section */

/* Begin PBXGroup section */
		CA3ED0942BDAA416007170B7 = {
			isa = PBXGroup;
			children = (
				CA3ED09F2BDAA416007170B7 /* MacroTracker */,
				CA3ED09E2BDAA416007170B7 /* Products */,
			);
			sourceTree = "<group>";
		};
		CA3ED09E2BDAA416007170B7 /* Products */ = {
			isa = PBXGroup;
			children = (
				CA3ED09D2BDAA416007170B7 /* MacroTracker.app */,
				CA3ED0AF2BDAA418007170B7 /* MacroTrackerTests.xctest */,
				CA3ED0B92BDAA418007170B7 /* MacroTrackerUITests.xctest */,
			);
			name = Products;
			sourceTree = "<group>";
		};
		CA3ED09F2BDAA416007170B7 /* MacroTracker */ = {
			isa = PBXGroup;
			children = (
				CA3ED0D82BDBD814007170B7 /* Macro.swift */,
				CA3ED0DC2BDBDB05007170B7 /* Models */,
				CA3ED0A02BDAA416007170B7 /* MacroTrackerApp.swift */,
				CA3ED0A62BDAA418007170B7 /* Assets.xcassets */,
				CA3ED0A82BDAA418007170B7 /* Preview Content */,
				CA3ED0CC2BDAA439007170B7 /* MacroView.swift */,
				CA3ED0CE2BDAA7C2007170B7 /* MacroHeaderView.swift */,
				CA3ED0D02BDAB09A007170B7 /* OpenAIService.swift */,
				CA3ED0D22BDAB2DF007170B7 /* Secret.swift */,
				CA3ED0DA2BDBDB01007170B7 /* AddMacroView.swift */,
				CA3ED0DD2BDDDC65007170B7 /* MacroDayView.swift */,
			);
			path = MacroTracker;
			sourceTree = "<group>";
		};
		CA3ED0A82BDAA418007170B7 /* Preview Content */ = {
			isa = PBXGroup;
			children = (
				CA3ED0A92BDAA418007170B7 /* Preview Assets.xcassets */,
			);
			path = "Preview Content";
			sourceTree = "<group>";
		};
		CA3ED0DC2BDBDB05007170B7 /* Models */ = {
			isa = PBXGroup;
			children = (
				CA3ED0D42BDBCCC5007170B7 /* RequestModels.swift */,
				CA3ED0D62BDBD2D1007170B7 /* ResponseModels.swift */,
			);
			path = Models;
			sourceTree = "<group>";
		};
/* End PBXGroup section */

/* Begin PBXNativeTarget section */
		CA3ED09C2BDAA416007170B7 /* MacroTracker */ = {
			isa = PBXNativeTarget;
			buildConfigurationList = CA3ED0C32BDAA418007170B7 /* Build configuration list for PBXNativeTarget "MacroTracker" */;
			buildPhases = (
				CA3ED0992BDAA416007170B7 /* Sources */,
				CA3ED09A2BDAA416007170B7 /* Frameworks */,
				CA3ED09B2BDAA416007170B7 /* Resources */,
			);
			buildRules = (
			);
			dependencies = (
			);
			name = MacroTracker;
			productName = MacroTracker;
			productReference = CA3ED09D2BDAA416007170B7 /* MacroTracker.app */;
			productType = "com.apple.product-type.application";
		};
		CA3ED0AE2BDAA418007170B7 /* MacroTrackerTests */ = {
			isa = PBXNativeTarget;
			buildConfigurationList = CA3ED0C62BDAA418007170B7 /* Build configuration list for PBXNativeTarget "MacroTrackerTests" */;
			buildPhases = (
				CA3ED0AB2BDAA418007170B7 /* Sources */,
				CA3ED0AC2BDAA418007170B7 /* Frameworks */,
				CA3ED0AD2BDAA418007170B7 /* Resources */,
			);
			buildRules = (
			);
			dependencies = (
				CA3ED0B12BDAA418007170B7 /* PBXTargetDependency */,
			);
			name = MacroTrackerTests;
			productName = MacroTrackerTests;
			productReference = CA3ED0AF2BDAA418007170B7 /* MacroTrackerTests.xctest */;
			productType = "com.apple.product-type.bundle.unit-test";
		};
		CA3ED0B82BDAA418007170B7 /* MacroTrackerUITests */ = {
			isa = PBXNativeTarget;
			buildConfigurationList = CA3ED0C92BDAA418007170B7 /* Build configuration list for PBXNativeTarget "MacroTrackerUITests" */;
			buildPhases = (
				CA3ED0B52BDAA418007170B7 /* Sources */,
				CA3ED0B62BDAA418007170B7 /* Frameworks */,
				CA3ED0B72BDAA418007170B7 /* Resources */,
			);
			buildRules = (
			);
			dependencies = (
				CA3ED0BB2BDAA418007170B7 /* PBXTargetDependency */,
			);
			name = MacroTrackerUITests;
			productName = MacroTrackerUITests;
			productReference = CA3ED0B92BDAA418007170B7 /* MacroTrackerUITests.xctest */;
			productType = "com.apple.product-type.bundle.ui-testing";
		};
/* End PBXNativeTarget section */

/* Begin PBXProject section */
		CA3ED0952BDAA416007170B7 /* Project object */ = {
			isa = PBXProject;
			attributes = {
				BuildIndependentTargetsInParallel = 1;
				LastSwiftUpdateCheck = 1500;
				LastUpgradeCheck = 1500;
				TargetAttributes = {
					CA3ED09C2BDAA416007170B7 = {
						CreatedOnToolsVersion = 15.0.1;
					};
					CA3ED0AE2BDAA418007170B7 = {
						CreatedOnToolsVersion = 15.0.1;
						TestTargetID = CA3ED09C2BDAA416007170B7;
					};
					CA3ED0B82BDAA418007170B7 = {
						CreatedOnToolsVersion = 15.0.1;
						TestTargetID = CA3ED09C2BDAA416007170B7;
					};
				};
			};
			buildConfigurationList = CA3ED0982BDAA416007170B7 /* Build configuration list for PBXProject "MacroTracker" */;
			compatibilityVersion = "Xcode 14.0";
			developmentRegion = en;
			hasScannedForEncodings = 0;
			knownRegions = (
				en,
				Base,
			);
			mainGroup = CA3ED0942BDAA416007170B7;
			productRefGroup = CA3ED09E2BDAA416007170B7 /* Products */;
			projectDirPath = "";
			projectRoot = "";
			targets = (
				CA3ED09C2BDAA416007170B7 /* MacroTracker */,
				CA3ED0AE2BDAA418007170B7 /* MacroTrackerTests */,
				CA3ED0B82BDAA418007170B7 /* MacroTrackerUITests */,
			);
		};
/* End PBXProject section */

/* Begin PBXResourcesBuildPhase section */
		CA3ED09B2BDAA416007170B7 /* Resources */ = {
			isa = PBXResourcesBuildPhase;
			buildActionMask = 2147483647;
			files = (
				CA3ED0AA2BDAA418007170B7 /* Preview Assets.xcassets in Resources */,
				CA3ED0A72BDAA418007170B7 /* Assets.xcassets in Resources */,
			);
			runOnlyForDeploymentPostprocessing = 0;
		};
		CA3ED0AD2BDAA418007170B7 /* Resources */ = {
			isa = PBXResourcesBuildPhase;
			buildActionMask = 2147483647;
			files = (
			);
			runOnlyForDeploymentPostprocessing = 0;
		};
		CA3ED0B72BDAA418007170B7 /* Resources */ = {
			isa = PBXResourcesBuildPhase;
			buildActionMask = 2147483647;
			files = (
			);
			runOnlyForDeploymentPostprocessing = 0;
		};
/* End PBXResourcesBuildPhase section */

/* Begin PBXSourcesBuildPhase section */
		CA3ED0992BDAA416007170B7 /* Sources */ = {
			isa = PBXSourcesBuildPhase;
			buildActionMask = 2147483647;
			files = (
				CA3ED0D32BDAB2DF007170B7 /* Secret.swift in Sources */,
				CA3ED0D72BDBD2D1007170B7 /* ResponseModels.swift in Sources */,
				CA3ED0CD2BDAA439007170B7 /* MacroView.swift in Sources */,
				CA3ED0D12BDAB09A007170B7 /* OpenAIService.swift in Sources */,
				CA3ED0CF2BDAA7C2007170B7 /* MacroHeaderView.swift in Sources */,
				CA3ED0DB2BDBDB01007170B7 /* AddMacroView.swift in Sources */,
				CA3ED0DE2BDDDC65007170B7 /* MacroDayView.swift in Sources */,
				CA3ED0A12BDAA416007170B7 /* MacroTrackerApp.swift in Sources */,
				CA3ED0D92BDBD814007170B7 /* Macro.swift in Sources */,
				CA3ED0D52BDBCCC5007170B7 /* RequestModels.swift in Sources */,
			);
			runOnlyForDeploymentPostprocessing = 0;
		};
		CA3ED0AB2BDAA418007170B7 /* Sources */ = {
			isa = PBXSourcesBuildPhase;
			buildActionMask = 2147483647;
			files = (
			);
			runOnlyForDeploymentPostprocessing = 0;
		};
		CA3ED0B52BDAA418007170B7 /* Sources */ = {
			isa = PBXSourcesBuildPhase;
			buildActionMask = 2147483647;
			files = (
			);
			runOnlyForDeploymentPostprocessing = 0;
		};
/* End PBXSourcesBuildPhase section */

/* Begin PBXTargetDependency section */
		CA3ED0B12BDAA418007170B7 /* PBXTargetDependency */ = {
			isa = PBXTargetDependency;
			target = CA3ED09C2BDAA416007170B7 /* MacroTracker */;
			targetProxy = CA3ED0B02BDAA418007170B7 /* PBXContainerItemProxy */;
		};
		CA3ED0BB2BDAA418007170B7 /* PBXTargetDependency */ = {
			isa = PBXTargetDependency;
			target = CA3ED09C2BDAA416007170B7 /* MacroTracker */;
			targetProxy = CA3ED0BA2BDAA418007170B7 /* PBXContainerItemProxy */;
		};
/* End PBXTargetDependency section */

/* Begin XCBuildConfiguration section */
		CA3ED0C12BDAA418007170B7 /* Debug */ = {
			isa = XCBuildConfiguration;
			buildSettings = {
				ALWAYS_SEARCH_USER_PATHS = NO;
				ASSETCATALOG_COMPILER_GENERATE_SWIFT_ASSET_SYMBOL_EXTENSIONS = YES;
				CLANG_ANALYZER_NONNULL = YES;
				CLANG_ANALYZER_NUMBER_OBJECT_CONVERSION = YES_AGGRESSIVE;
				CLANG_CXX_LANGUAGE_STANDARD = "gnu++20";
				CLANG_ENABLE_MODULES = YES;
				CLANG_ENABLE_OBJC_ARC = YES;
				CLANG_ENABLE_OBJC_WEAK = YES;
				CLANG_WARN_BLOCK_CAPTURE_AUTORELEASING = YES;
				CLANG_WARN_BOOL_CONVERSION = YES;
				CLANG_WARN_COMMA = YES;
				CLANG_WARN_CONSTANT_CONVERSION = YES;
				CLANG_WARN_DEPRECATED_OBJC_IMPLEMENTATIONS = YES;
				CLANG_WARN_DIRECT_OBJC_ISA_USAGE = YES_ERROR;
				CLANG_WARN_DOCUMENTATION_COMMENTS = YES;
				CLANG_WARN_EMPTY_BODY = YES;
				CLANG_WARN_ENUM_CONVERSION = YES;
				CLANG_WARN_INFINITE_RECURSION = YES;
				CLANG_WARN_INT_CONVERSION = YES;
				CLANG_WARN_NON_LITERAL_NULL_CONVERSION = YES;
				CLANG_WARN_OBJC_IMPLICIT_RETAIN_SELF = YES;
				CLANG_WARN_OBJC_LITERAL_CONVERSION = YES;
				CLANG_WARN_OBJC_ROOT_CLASS = YES_ERROR;
				CLANG_WARN_QUOTED_INCLUDE_IN_FRAMEWORK_HEADER = YES;
				CLANG_WARN_RANGE_LOOP_ANALYSIS = YES;
				CLANG_WARN_STRICT_PROTOTYPES = YES;
				CLANG_WARN_SUSPICIOUS_MOVE = YES;
				CLANG_WARN_UNGUARDED_AVAILABILITY = YES_AGGRESSIVE;
				CLANG_WARN_UNREACHABLE_CODE = YES;
				CLANG_WARN__DUPLICATE_METHOD_MATCH = YES;
				COPY_PHASE_STRIP = NO;
				DEBUG_INFORMATION_FORMAT = dwarf;
				ENABLE_STRICT_OBJC_MSGSEND = YES;
				ENABLE_TESTABILITY = YES;
				ENABLE_USER_SCRIPT_SANDBOXING = YES;
				GCC_C_LANGUAGE_STANDARD = gnu17;
				GCC_DYNAMIC_NO_PIC = NO;
				GCC_NO_COMMON_BLOCKS = YES;
				GCC_OPTIMIZATION_LEVEL = 0;
				GCC_PREPROCESSOR_DEFINITIONS = (
					"DEBUG=1",
					"$(inherited)",
				);
				GCC_WARN_64_TO_32_BIT_CONVERSION = YES;
				GCC_WARN_ABOUT_RETURN_TYPE = YES_ERROR;
				GCC_WARN_UNDECLARED_SELECTOR = YES;
				GCC_WARN_UNINITIALIZED_AUTOS = YES_AGGRESSIVE;
				GCC_WARN_UNUSED_FUNCTION = YES;
				GCC_WARN_UNUSED_VARIABLE = YES;
				IPHONEOS_DEPLOYMENT_TARGET = 17.0;
				LOCALIZATION_PREFERS_STRING_CATALOGS = YES;
				MTL_ENABLE_DEBUG_INFO = INCLUDE_SOURCE;
				MTL_FAST_MATH = YES;
				ONLY_ACTIVE_ARCH = YES;
				SDKROOT = iphoneos;
				SWIFT_ACTIVE_COMPILATION_CONDITIONS = "DEBUG $(inherited)";
				SWIFT_OPTIMIZATION_LEVEL = "-Onone";
			};
			name = Debug;
		};
		CA3ED0C22BDAA418007170B7 /* Release */ = {
			isa = XCBuildConfiguration;
			buildSettings = {
				ALWAYS_SEARCH_USER_PATHS = NO;
				ASSETCATALOG_COMPILER_GENERATE_SWIFT_ASSET_SYMBOL_EXTENSIONS = YES;
				CLANG_ANALYZER_NONNULL = YES;
				CLANG_ANALYZER_NUMBER_OBJECT_CONVERSION = YES_AGGRESSIVE;
				CLANG_CXX_LANGUAGE_STANDARD = "gnu++20";
				CLANG_ENABLE_MODULES = YES;
				CLANG_ENABLE_OBJC_ARC = YES;
				CLANG_ENABLE_OBJC_WEAK = YES;
				CLANG_WARN_BLOCK_CAPTURE_AUTORELEASING = YES;
				CLANG_WARN_BOOL_CONVERSION = YES;
				CLANG_WARN_COMMA = YES;
				CLANG_WARN_CONSTANT_CONVERSION = YES;
				CLANG_WARN_DEPRECATED_OBJC_IMPLEMENTATIONS = YES;
				CLANG_WARN_DIRECT_OBJC_ISA_USAGE = YES_ERROR;
				CLANG_WARN_DOCUMENTATION_COMMENTS = YES;
				CLANG_WARN_EMPTY_BODY = YES;
				CLANG_WARN_ENUM_CONVERSION = YES;
				CLANG_WARN_INFINITE_RECURSION = YES;
				CLANG_WARN_INT_CONVERSION = YES;
				CLANG_WARN_NON_LITERAL_NULL_CONVERSION = YES;
				CLANG_WARN_OBJC_IMPLICIT_RETAIN_SELF = YES;
				CLANG_WARN_OBJC_LITERAL_CONVERSION = YES;
				CLANG_WARN_OBJC_ROOT_CLASS = YES_ERROR;
				CLANG_WARN_QUOTED_INCLUDE_IN_FRAMEWORK_HEADER = YES;
				CLANG_WARN_RANGE_LOOP_ANALYSIS = YES;
				CLANG_WARN_STRICT_PROTOTYPES = YES;
				CLANG_WARN_SUSPICIOUS_MOVE = YES;
				CLANG_WARN_UNGUARDED_AVAILABILITY = YES_AGGRESSIVE;
				CLANG_WARN_UNREACHABLE_CODE = YES;
				CLANG_WARN__DUPLICATE_METHOD_MATCH = YES;
				COPY_PHASE_STRIP = NO;
				DEBUG_INFORMATION_FORMAT = "dwarf-with-dsym";
				ENABLE_NS_ASSERTIONS = NO;
				ENABLE_STRICT_OBJC_MSGSEND = YES;
				ENABLE_USER_SCRIPT_SANDBOXING = YES;
				GCC_C_LANGUAGE_STANDARD = gnu17;
				GCC_NO_COMMON_BLOCKS = YES;
				GCC_WARN_64_TO_32_BIT_CONVERSION = YES;
				GCC_WARN_ABOUT_RETURN_TYPE = YES_ERROR;
				GCC_WARN_UNDECLARED_SELECTOR = YES;
				GCC_WARN_UNINITIALIZED_AUTOS = YES_AGGRESSIVE;
				GCC_WARN_UNUSED_FUNCTION = YES;
				GCC_WARN_UNUSED_VARIABLE = YES;
				IPHONEOS_DEPLOYMENT_TARGET = 17.0;
				LOCALIZATION_PREFERS_STRING_CATALOGS = YES;
				MTL_ENABLE_DEBUG_INFO = NO;
				MTL_FAST_MATH = YES;
				SDKROOT = iphoneos;
				SWIFT_COMPILATION_MODE = wholemodule;
				VALIDATE_PRODUCT = YES;
			};
			name = Release;
		};
		CA3ED0C42BDAA418007170B7 /* Debug */ = {
			isa = XCBuildConfiguration;
			buildSettings = {
				ASSETCATALOG_COMPILER_APPICON_NAME = AppIcon;
				ASSETCATALOG_COMPILER_GLOBAL_ACCENT_COLOR_NAME = AccentColor;
				CODE_SIGN_STYLE = Automatic;
				CURRENT_PROJECT_VERSION = 1;
				DEVELOPMENT_ASSET_PATHS = "\"MacroTracker/Preview Content\"";
				ENABLE_PREVIEWS = YES;
				GENERATE_INFOPLIST_FILE = YES;
				INFOPLIST_KEY_UIApplicationSceneManifest_Generation = YES;
				INFOPLIST_KEY_UIApplicationSupportsIndirectInputEvents = YES;
				INFOPLIST_KEY_UILaunchScreen_Generation = YES;
				INFOPLIST_KEY_UISupportedInterfaceOrientations_iPad = "UIInterfaceOrientationPortrait UIInterfaceOrientationPortraitUpsideDown UIInterfaceOrientationLandscapeLeft UIInterfaceOrientationLandscapeRight";
				INFOPLIST_KEY_UISupportedInterfaceOrientations_iPhone = "UIInterfaceOrientationPortrait UIInterfaceOrientationLandscapeLeft UIInterfaceOrientationLandscapeRight";
				LD_RUNPATH_SEARCH_PATHS = (
					"$(inherited)",
					"@executable_path/Frameworks",
				);
				MARKETING_VERSION = 1.0;
				PRODUCT_BUNDLE_IDENTIFIER = com.alan.MacroTracker;
				PRODUCT_NAME = "$(TARGET_NAME)";
				SWIFT_EMIT_LOC_STRINGS = YES;
				SWIFT_VERSION = 5.0;
				TARGETED_DEVICE_FAMILY = "1,2";
			};
			name = Debug;
		};
		CA3ED0C52BDAA418007170B7 /* Release */ = {
			isa = XCBuildConfiguration;
			buildSettings = {
				ASSETCATALOG_COMPILER_APPICON_NAME = AppIcon;
				ASSETCATALOG_COMPILER_GLOBAL_ACCENT_COLOR_NAME = AccentColor;
				CODE_SIGN_STYLE = Automatic;
				CURRENT_PROJECT_VERSION = 1;
				DEVELOPMENT_ASSET_PATHS = "\"MacroTracker/Preview Content\"";
				ENABLE_PREVIEWS = YES;
				GENERATE_INFOPLIST_FILE = YES;
				INFOPLIST_KEY_UIApplicationSceneManifest_Generation = YES;
				INFOPLIST_KEY_UIApplicationSupportsIndirectInputEvents = YES;
				INFOPLIST_KEY_UILaunchScreen_Generation = YES;
				INFOPLIST_KEY_UISupportedInterfaceOrientations_iPad = "UIInterfaceOrientationPortrait UIInterfaceOrientationPortraitUpsideDown UIInterfaceOrientationLandscapeLeft UIInterfaceOrientationLandscapeRight";
				INFOPLIST_KEY_UISupportedInterfaceOrientations_iPhone = "UIInterfaceOrientationPortrait UIInterfaceOrientationLandscapeLeft UIInterfaceOrientationLandscapeRight";
				LD_RUNPATH_SEARCH_PATHS = (
					"$(inherited)",
					"@executable_path/Frameworks",
				);
				MARKETING_VERSION = 1.0;
				PRODUCT_BUNDLE_IDENTIFIER = com.alan.MacroTracker;
				PRODUCT_NAME = "$(TARGET_NAME)";
				SWIFT_EMIT_LOC_STRINGS = YES;
				SWIFT_VERSION = 5.0;
				TARGETED_DEVICE_FAMILY = "1,2";
			};
			name = Release;
		};
		CA3ED0C72BDAA418007170B7 /* Debug */ = {
			isa = XCBuildConfiguration;
			buildSettings = {
				ALWAYS_EMBED_SWIFT_STANDARD_LIBRARIES = YES;
				BUNDLE_LOADER = "$(TEST_HOST)";
				CODE_SIGN_STYLE = Automatic;
				CURRENT_PROJECT_VERSION = 1;
				GENERATE_INFOPLIST_FILE = YES;
				IPHONEOS_DEPLOYMENT_TARGET = 17.0;
				MARKETING_VERSION = 1.0;
				PRODUCT_BUNDLE_IDENTIFIER = com.alan.MacroTrackerTests;
				PRODUCT_NAME = "$(TARGET_NAME)";
				SWIFT_EMIT_LOC_STRINGS = NO;
				SWIFT_VERSION = 5.0;
				TARGETED_DEVICE_FAMILY = "1,2";
				TEST_HOST = "$(BUILT_PRODUCTS_DIR)/MacroTracker.app/$(BUNDLE_EXECUTABLE_FOLDER_PATH)/MacroTracker";
			};
			name = Debug;
		};
		CA3ED0C82BDAA418007170B7 /* Release */ = {
			isa = XCBuildConfiguration;
			buildSettings = {
				ALWAYS_EMBED_SWIFT_STANDARD_LIBRARIES = YES;
				BUNDLE_LOADER = "$(TEST_HOST)";
				CODE_SIGN_STYLE = Automatic;
				CURRENT_PROJECT_VERSION = 1;
				GENERATE_INFOPLIST_FILE = YES;
				IPHONEOS_DEPLOYMENT_TARGET = 17.0;
				MARKETING_VERSION = 1.0;
				PRODUCT_BUNDLE_IDENTIFIER = com.alan.MacroTrackerTests;
				PRODUCT_NAME = "$(TARGET_NAME)";
				SWIFT_EMIT_LOC_STRINGS = NO;
				SWIFT_VERSION = 5.0;
				TARGETED_DEVICE_FAMILY = "1,2";
				TEST_HOST = "$(BUILT_PRODUCTS_DIR)/MacroTracker.app/$(BUNDLE_EXECUTABLE_FOLDER_PATH)/MacroTracker";
			};
			name = Release;
		};
		CA3ED0CA2BDAA418007170B7 /* Debug */ = {
			isa = XCBuildConfiguration;
			buildSettings = {
				ALWAYS_EMBED_SWIFT_STANDARD_LIBRARIES = YES;
				CODE_SIGN_STYLE = Automatic;
				CURRENT_PROJECT_VERSION = 1;
				GENERATE_INFOPLIST_FILE = YES;
				MARKETING_VERSION = 1.0;
				PRODUCT_BUNDLE_IDENTIFIER = com.alan.MacroTrackerUITests;
				PRODUCT_NAME = "$(TARGET_NAME)";
				SWIFT_EMIT_LOC_STRINGS = NO;
				SWIFT_VERSION = 5.0;
				TARGETED_DEVICE_FAMILY = "1,2";
				TEST_TARGET_NAME = MacroTracker;
			};
			name = Debug;
		};
		CA3ED0CB2BDAA418007170B7 /* Release */ = {
			isa = XCBuildConfiguration;
			buildSettings = {
				ALWAYS_EMBED_SWIFT_STANDARD_LIBRARIES = YES;
				CODE_SIGN_STYLE = Automatic;
				CURRENT_PROJECT_VERSION = 1;
				GENERATE_INFOPLIST_FILE = YES;
				MARKETING_VERSION = 1.0;
				PRODUCT_BUNDLE_IDENTIFIER = com.alan.MacroTrackerUITests;
				PRODUCT_NAME = "$(TARGET_NAME)";
				SWIFT_EMIT_LOC_STRINGS = NO;
				SWIFT_VERSION = 5.0;
				TARGETED_DEVICE_FAMILY = "1,2";
				TEST_TARGET_NAME = MacroTracker;
			};
			name = Release;
		};
/* End XCBuildConfiguration section */

/* Begin XCConfigurationList section */
		CA3ED0982BDAA416007170B7 /* Build configuration list for PBXProject "MacroTracker" */ = {
			isa = XCConfigurationList;
			buildConfigurations = (
				CA3ED0C12BDAA418007170B7 /* Debug */,
				CA3ED0C22BDAA418007170B7 /* Release */,
			);
			defaultConfigurationIsVisible = 0;
			defaultConfigurationName = Release;
		};
		CA3ED0C32BDAA418007170B7 /* Build configuration list for PBXNativeTarget "MacroTracker" */ = {
			isa = XCConfigurationList;
			buildConfigurations = (
				CA3ED0C42BDAA418007170B7 /* Debug */,
				CA3ED0C52BDAA418007170B7 /* Release */,
			);
			defaultConfigurationIsVisible = 0;
			defaultConfigurationName = Release;
		};
		CA3ED0C62BDAA418007170B7 /* Build configuration list for PBXNativeTarget "MacroTrackerTests" */ = {
			isa = XCConfigurationList;
			buildConfigurations = (
				CA3ED0C72BDAA418007170B7 /* Debug */,
				CA3ED0C82BDAA418007170B7 /* Release */,
			);
			defaultConfigurationIsVisible = 0;
			defaultConfigurationName = Release;
		};
		CA3ED0C92BDAA418007170B7 /* Build configuration list for PBXNativeTarget "MacroTrackerUITests" */ = {
			isa = XCConfigurationList;
			buildConfigurations = (
				CA3ED0CA2BDAA418007170B7 /* Debug */,
				CA3ED0CB2BDAA418007170B7 /* Release */,
			);
			defaultConfigurationIsVisible = 0;
			defaultConfigurationName = Release;
		};
/* End XCConfigurationList section */
	};
	rootObject = CA3ED0952BDAA416007170B7 /* Project object */;
}
